
Microsoft Visual Studio Solution File, Format Version 12.00
# Visual Studio 15
VisualStudioVersion = 15.0.27004.2006
MinimumVisualStudioVersion = 10.0.40219.1
Project("{9A19103F-16F7-4668-BE54-9A1E7A4F7556}") = "Wul", "Wul\Wul.csproj", "{413E6232-59DE-4A73-B96C-15174AEC5623}"
EndProject
Project("{9A19103F-16F7-4668-BE54-9A1E7A4F7556}") = "Unit.Test", "Unit.Test\Unit.Test.csproj", "{E47FBDC6-46CB-41A5-8A6F-B425F82FB80C}"
EndProject
Global
	GlobalSection(SolutionConfigurationPlatforms) = preSolution
		Debug|Any CPU = Debug|Any CPU
		Debug|x64 = Debug|x64
		Release|Any CPU = Release|Any CPU
		Release|x64 = Release|x64
	EndGlobalSection
	GlobalSection(ProjectConfigurationPlatforms) = postSolution
		{413E6232-59DE-4A73-B96C-15174AEC5623}.Debug|Any CPU.ActiveCfg = Debug|Any CPU
		{413E6232-59DE-4A73-B96C-15174AEC5623}.Debug|Any CPU.Build.0 = Debug|Any CPU
		{413E6232-59DE-4A73-B96C-15174AEC5623}.Debug|x64.ActiveCfg = Debug|x64
		{413E6232-59DE-4A73-B96C-15174AEC5623}.Debug|x64.Build.0 = Debug|x64
		{413E6232-59DE-4A73-B96C-15174AEC5623}.Release|Any CPU.ActiveCfg = Release|Any CPU
		{413E6232-59DE-4A73-B96C-15174AEC5623}.Release|Any CPU.Build.0 = Release|Any CPU
		{413E6232-59DE-4A73-B96C-15174AEC5623}.Release|x64.ActiveCfg = Release|x64
		{413E6232-59DE-4A73-B96C-15174AEC5623}.Release|x64.Build.0 = Release|x64
		{E47FBDC6-46CB-41A5-8A6F-B425F82FB80C}.Debug|Any CPU.ActiveCfg = Debug|Any CPU
		{E47FBDC6-46CB-41A5-8A6F-B425F82FB80C}.Debug|Any CPU.Build.0 = Debug|Any CPU
		{E47FBDC6-46CB-41A5-8A6F-B425F82FB80C}.Debug|x64.ActiveCfg = Debug|x64
		{E47FBDC6-46CB-41A5-8A6F-B425F82FB80C}.Debug|x64.Build.0 = Debug|x64
		{E47FBDC6-46CB-41A5-8A6F-B425F82FB80C}.Release|Any CPU.ActiveCfg = Release|Any CPU
		{E47FBDC6-46CB-41A5-8A6F-B425F82FB80C}.Release|Any CPU.Build.0 = Release|Any CPU
		{E47FBDC6-46CB-41A5-8A6F-B425F82FB80C}.Release|x64.ActiveCfg = Release|x64
		{E47FBDC6-46CB-41A5-8A6F-B425F82FB80C}.Release|x64.Build.0 = Release|x64
	EndGlobalSection
	GlobalSection(SolutionProperties) = preSolution
		HideSolutionNode = FALSE
	EndGlobalSection
	GlobalSection(ExtensibilityGlobals) = postSolution
		SolutionGuid = {EA93ABD9-3E62-468C-9534-6DAA8FED85EE}
	EndGlobalSection
EndGlobal
